{
  "name": "hybrid-committed-spend",
  "version": "0.0.1",
  "lockfileVersion": 3,
  "requires": true,
  "packages": {
    "": {
      "name": "hybrid-committed-spend",
      "version": "0.0.1",
      "hasInstallScript": true,
      "license": "GNU AGPLv3",
      "dependencies": {
        "@redhat-cloud-services/frontend-components-translations": "^3.2.7",
        "axios": "^1.7.2"
      },
      "devDependencies": {
      },
      "engines": {
        "node": ">=18.15.0",
        "npm": ">=9.5.0"
      }
    },
    "node_modules/@redhat-cloud-services/frontend-components-config/node_modules/axios": {
      "version": "0.27.5",
      "resolved": "https://registry.npmjs.org/axios/-/axios-0.28.1.tgz",
      "integrity": "sha512-iUcGA5a7p0mVb4Gm/sy+FSECNkPFT4y7wt6OM/CDpO/OnNCvSs3PoMG8ibrC9jRoGYU0gUK5pXVC4NPXq6lHRQ==",
      "dev": true,
      "dependencies": {
        "follow-redirects": "^1.15.0",
        "form-data": "^4.0.0",
        "proxy-from-env": "^1.1.0"
      }
    },
    "node_modules/@redhat-cloud-services/frontend-components-utilities/node_modules/axios": {
      "version": "0.28.1",
      "resolved": "https://registry.npmjs.org/axios/-/axios-0.28.1.tgz",
      "integrity": "sha512-iUcGA5a7p0mVb4Gm/sy+FSECNkPFT4y7wt6OM/CDpO/OnNCvSs3PoMG8ibrC9jRoGYU0gUK5pXVC4NPXq6lHRQ==",
      "dependencies": {
        "follow-redirects": "^1.15.0",
        "form-data": "^4.0.0",
        "proxy-from-env": "^1.1.0"
      }
    },
    "node_modules/@redhat-cloud-services/rbac-client/node_modules/axios": {
      "version": "0.27.1",
      "resolved": "https://registry.npmjs.org/axios/-/axios-0.27.5.tgz",
      "integrity": "sha512-t+yRIyySRTp/wua5xEr+z1q60QmLq8ABsS5O9Me1AsE5dfKqgnCFzwiCZZ/cGNd1lq4/7akDWMxdhVlucjmnOQ==",
      "dependencies": {
        "follow-redirects": "^1.14.9",
        "form-data": "^4.0.0"
      }
    },
    "node_modules/axios": {
      "version": "1.7.2",
      "resolved": "https://registry.npmjs.org/axios/-/axios-1.7.2.tgz",
      "integrity": "sha512-2A8QhOMrbomlDuiLeK9XibIBzuHeRcqqNOHp0Cyp5EoJ1IFDh+XZH3A6BkXtv0K4gFGCI0Y4BM7B1wOEi0Rmgw==",
      "dependencies": {
        "follow-redirects": "^1.15.6",
        "form-data": "^4.0.0",
        "proxy-from-env": "^1.1.0"
      }
    }
  }
}
