{
  "name": "hybrid-committed-spend",
  "version": "0.0.1",
  "lockfileVersion": 3,
  "requires": true,
  "packages": {
    "": {
      "name": "hybrid-committed-spend",
      "version": "0.0.1",
      "hasInstallScript": true,
      "license": "GNU AGPLv3",
      "dependencies": {
        "@redhat-cloud-services/frontend-components-translations": "^3.2.7",
        "axios": "^1.7.2"
      },
      "devDependencies": {
      },
      "engines": {
        "node": ">=18.15.0",
        "npm": ">=9.5.0"
      }
    },
    "node_modules/@redhat-cloud-services/frontend-components-config/node_modules/axios": {
      "version": "0.27.5",
      "resolved": "https://registry.npmjs.org/axios/-/axios-0.28.1.tgz",
      "integrity": "sha512-iUcGA5a7p0mVb4Gm/sy+FSECNkPFT4y7wt6OM/CDpO/OnNCvSs3PoMG8ibrC9jRoGYU0gUK5pXVC4NPXq6lHRQ==",
      "dev": true,
      "dependencies": {
        "follow-redirects": "^1.15.0",
        "form-data": "^4.0.0",
        "proxy-from-env": "^1.1.0"
      }
    },
    "node_modules/@redhat-cloud-services/frontend-components-translations/node_modules/@redhat-cloud-services/frontend-components-utilities": {
      "version": "3.7.6",
      "resolved": "https://registry.npmjs.org/@redhat-cloud-services/frontend-components-utilities/-/frontend-components-utilities-3.7.6.tgz",
      "integrity": "sha512-qXevUW8Clj1AoBLwfZAmS+oFJCWKZaMp8O33cyUhkoGjrwkQaL5eJg28zjLVa1uQhdJAvAdwTNtE+Gt3hJTC1g==",
      "optional": true,
      "dependencies": {
        "@redhat-cloud-services/types": "^0.0.24",
        "@sentry/browser": "^5.30.0",
        "awesome-debounce-promise": "^2.1.0",
        "axios": "^0.27.1",
        "commander": "^2.20.3",
        "mkdirp": "^1.0.4",
        "react-content-loader": "^6.2.0"
      },
      "peerDependencies": {
        "@patternfly/react-core": "^4.239.0",
        "@patternfly/react-table": "^4.108.0",
        "@redhat-cloud-services/rbac-client": "^1.0.100",
        "cypress": ">=10.0.0 < 13.0.0",
        "react": "^16.14.0 || ^17.0.0 || ^18.0.0",
        "react-dom": "^16.14.0 || ^17.0.0 || ^18.0.0",
        "react-redux": ">=7.0.0",
        "react-router-dom": "^5.0.0 || ^6.0.0"
      }
    },
    "node_modules/@redhat-cloud-services/frontend-components-utilities": {
      "version": "4.0.11",
      "resolved": "https://registry.npmjs.org/@redhat-cloud-services/frontend-components-utilities/-/frontend-components-utilities-4.0.11.tgz",
      "integrity": "sha512-O4Az1B/27Cet/kHtwKtd1Pw9+zYp9XdnmYOUCypACTv9i4HJ+f6Ku7QT4VKO/9wWSGKmTu+Vq6+4ix3d5jdxrg==",
      "dependencies": {
        "@redhat-cloud-services/rbac-client": "^1.0.100",
        "@redhat-cloud-services/types": "^1.0.9",
        "@sentry/browser": "^5.30.0",
        "awesome-debounce-promise": "^2.1.0",
        "axios": "^0.27.1",
        "commander": "^2.20.3",
        "mkdirp": "^1.0.4",
        "p-all": "^5.0.0",
        "react-content-loader": "^6.2.0"
      },
      "peerDependencies": {
        "@patternfly/react-core": "^5.0.0",
        "@patternfly/react-table": "^5.0.0",
        "react": "^18.2.0",
        "react-dom": "^18.2.0",
        "react-redux": ">=7.0.0",
        "react-router-dom": "^5.0.0 || ^6.0.0"
      }
    },
    "node_modules/@redhat-cloud-services/frontend-components-utilities/node_modules/axios": {
      "version": "0.28.1",
      "resolved": "https://registry.npmjs.org/axios/-/axios-0.28.1.tgz",
      "integrity": "sha512-iUcGA5a7p0mVb4Gm/sy+FSECNkPFT4y7wt6OM/CDpO/OnNCvSs3PoMG8ibrC9jRoGYU0gUK5pXVC4NPXq6lHRQ==",
      "dependencies": {
        "follow-redirects": "^1.15.0",
        "form-data": "^4.0.0",
        "proxy-from-env": "^1.1.0"
      }
    },
    "node_modules/@redhat-cloud-services/rbac-client/node_modules/axios": {
      "version": "0.27.5",
      "resolved": "https://registry.npmjs.org/axios/-/axios-0.27.5.tgz",
      "integrity": "sha512-t+yRIyySRTp/wua5xEr+z1q60QmLq8ABsS5O9Me1AsE5dfKqgnCFzwiCZZ/cGNd1lq4/7akDWMxdhVlucjmnOQ==",
      "dependencies": {
        "follow-redirects": "^1.14.9",
        "form-data": "^4.0.0"
      }
    },
    "node_modules/axios": {
      "version": "1.7.2",
      "resolved": "https://registry.npmjs.org/axios/-/axios-1.7.2.tgz",
      "integrity": "sha512-2A8QhOMrbomlDuiLeK9XibIBzuHeRcqqNOHp0Cyp5EoJ1IFDh+XZH3A6BkXtv0K4gFGCI0Y4BM7B1wOEi0Rmgw==",
      "dependencies": {
        "follow-redirects": "^1.15.6",
        "form-data": "^4.0.0",
        "proxy-from-env": "^1.1.0"
      }
    }
  }
}
